
Microsoft Visual Studio Solution File, Format Version 12.00
# Visual Studio Version 17
VisualStudioVersion = 17.6.33712.159
MinimumVisualStudioVersion = 10.0.40219.1
Project("{FAE04EC0-301F-11D3-BF4B-00C04F79EFBC}") = "MNBS", "MNBS\MNBS.csproj", "{A7C603F5-2EB6-4300-9702-4431183A42CF}"
EndProject
Global
	GlobalSection(SolutionConfigurationPlatforms) = preSolution
		Debug|Any CPU = Debug|Any CPU
		Release|Any CPU = Release|Any CPU
	EndGlobalSection
	GlobalSection(ProjectConfigurationPlatforms) = postSolution
		{A7C603F5-2EB6-4300-9702-4431183A42CF}.Debug|Any CPU.ActiveCfg = Debug|Any CPU
		{A7C603F5-2EB6-4300-9702-4431183A42CF}.Debug|Any CPU.Build.0 = Debug|Any CPU
		{A7C603F5-2EB6-4300-9702-4431183A42CF}.Release|Any CPU.ActiveCfg = Release|Any CPU
		{A7C603F5-2EB6-4300-9702-4431183A42CF}.Release|Any CPU.Build.0 = Release|Any CPU
	EndGlobalSection
	GlobalSection(SolutionProperties) = preSolution
		HideSolutionNode = FALSE
	EndGlobalSection
	GlobalSection(ExtensibilityGlobals) = postSolution
		SolutionGuid = {46955881-A009-4794-85DF-BF2C040341AB}
	EndGlobalSection
EndGlobal
